<?xml version="1.0" encoding="utf-8"?>
<Project ToolsVersion="4.0" xmlns="http://schemas.microsoft.com/developer/msbuild/2003">
  <ItemGroup>
    <Filter Include="Source Files">
      <UniqueIdentifier>{4FC737F1-C7A5-4376-A066-2A32D752A2FF}</UniqueIdentifier>
      <Extensions>cpp;c;cc;cxx;def;odl;idl;hpj;bat;asm;asmx</Extensions>
    </Filter>
    <Filter Include="Header Files">
      <UniqueIdentifier>{93995380-89BD-4b04-88EB-625FBE52EBFB}</UniqueIdentifier>
      <Extensions>h;hh;hpp;hxx;hm;inl;inc;xsd</Extensions>
    </Filter>
    <Filter Include="Resource Files">
      <UniqueIdentifier>{67DA6AB6-F800-4c08-8B7A-83BB121AAD01}</UniqueIdentifier>
      <Extensions>rc;ico;cur;bmp;dlg;rc2;rct;bin;rgs;gif;jpg;jpeg;jpe;resx;tiff;tif;png;wav;mfcribbon-ms</Extensions>
    </Filter>
    <Filter Include="Resource Files\Shaders">
      <UniqueIdentifier>{0239f758-7f47-422a-9834-274d9ba8a6b6}</UniqueIdentifier>
    </Filter>
    <Filter Include="Source Files\Scene Objects">
      <UniqueIdentifier>{0a3381a4-9857-4677-a319-18b9a4c6b9cc}</UniqueIdentifier>
    </Filter>
    <Filter Include="Header Files\Scene Objects">
      <UniqueIdentifier>{141c6963-a95b-4c37-8017-ea4fa112d33b}</UniqueIdentifier>
    </Filter>
  </ItemGroup>
  <ItemGroup>
    <ClInclude Include="CommonLibrary.h">
      <Filter>Header Files</Filter>
    </ClInclude>
    <ClInclude Include="VertexManager.h">
      <Filter>Header Files</Filter>
    </ClInclude>
    <ClInclude Include="Shaders\Shader.h">
      <Filter>Header Files</Filter>
    </ClInclude>
    <ClInclude Include="Camera.h">
      <Filter>Header Files</Filter>
    </ClInclude>
    <ClInclude Include="Display.h">
      <Filter>Header Files</Filter>
    </ClInclude>
    <ClInclude Include="Grid.h">
      <Filter>Header Files\Scene Objects</Filter>
    </ClInclude>
    <ClInclude Include="Rectangle.h">
      <Filter>Header Files\Scene Objects</Filter>
    </ClInclude>
    <ClInclude Include="WorldMesh.h">
      <Filter>Header Files\Scene Objects</Filter>
    </ClInclude>
    <ClInclude Include="Liquid.h">
      <Filter>Header Files\Scene Objects</Filter>
    </ClInclude>
    <ClInclude Include="Particle.h">
      <Filter>Header Files\Scene Objects</Filter>
    </ClInclude>
  </ItemGroup>
  <ItemGroup>
    <ClCompile Include="Driver.cpp">
      <Filter>Source Files</Filter>
    </ClCompile>
    <ClCompile Include="VertexManager.cpp">
      <Filter>Source Files</Filter>
    </ClCompile>
    <ClCompile Include="Display.cpp">
      <Filter>Source Files</Filter>
    </ClCompile>
    <ClCompile Include="Shader.cpp">
      <Filter>Source Files</Filter>
    </ClCompile>
    <ClCompile Include="Grid.cpp">
      <Filter>Source Files\Scene Objects</Filter>
    </ClCompile>
    <ClCompile Include="Rectangle.cpp">
      <Filter>Source Files\Scene Objects</Filter>
    </ClCompile>
    <ClCompile Include="WorldMesh.cpp">
      <Filter>Source Files\Scene Objects</Filter>
    </ClCompile>
    <ClCompile Include="Liquid.cpp">
      <Filter>Source Files\Scene Objects</Filter>
    </ClCompile>
  </ItemGroup>
  <ItemGroup>
    <None Include="Shaders\fragment.shader">
      <Filter>Resource Files\Shaders</Filter>
    </None>
    <None Include="Shaders\skybox_fragment.shader">
      <Filter>Resource Files\Shaders</Filter>
    </None>
    <None Include="Shaders\skybox_vertex.shader">
      <Filter>Resource Files\Shaders</Filter>
    </None>
    <None Include="Shaders\vertex.shader">
      <Filter>Resource Files\Shaders</Filter>
    </None>
    <None Include="Shaders\particle_fragment.shader">
      <Filter>Resource Files\Shaders</Filter>
    </None>
    <None Include="Shaders\particle_vertex.shader">
      <Filter>Resource Files\Shaders</Filter>
    </None>
    <None Include="Shaders\particle_densityPressure.shader">
      <Filter>Resource Files\Shaders</Filter>
    </None>
  </ItemGroup>
</Project>